
Microsoft Visual Studio Solution File, Format Version 12.00
# Visual Studio Version 16
VisualStudioVersion = 16.0.33214.272
MinimumVisualStudioVersion = 10.0.40219.1
Project("{8BC9CEB8-8B4A-11D0-8D11-00A0C91BC942}") = "SpriteAnimation", "SpriteAnimation\SpriteAnimation.vcxproj", "{5121BE72-5424-4550-ADC8-0B48CD13F82D}"
EndProject
Global
	GlobalSection(SolutionConfigurationPlatforms) = preSolution
		Release|x64 = Release|x64
		Debug|x64 = Debug|x64
	EndGlobalSection
	GlobalSection(ProjectConfigurationPlatforms) = postSolution
		{5121BE72-5424-4550-ADC8-0B48CD13F82D}.Debug|x64.ActiveCfg = Debug|x64
		{5121BE72-5424-4550-ADC8-0B48CD13F82D}.Debug|x64.Build.0 = Debug|x64
		{5121BE72-5424-4550-ADC8-0B48CD13F82D}.Release|x64.ActiveCfg = Release|x64
		{5121BE72-5424-4550-ADC8-0B48CD13F82D}.Release|x64.Build.0 = Release|x64
	EndGlobalSection
	GlobalSection(SolutionProperties) = preSolution
		HideSolutionNode = FALSE
	EndGlobalSection
	GlobalSection(ExtensibilityGlobals) = postSolution
		SolutionGuid = {D37BF563-773D-4518-A280-717A2612A7BD}
	EndGlobalSection
EndGlobal
